
Microsoft Visual Studio Solution File, Format Version 12.00
# Visual Studio 15
VisualStudioVersion = 15.0.28307.168
MinimumVisualStudioVersion = 10.0.40219.1
Project("{FAE04EC0-301F-11D3-BF4B-00C04F79EFBC}") = "Reader_Text", "Reader_Text\Reader_Text.csproj", "{CC78121D-6394-4E28-A97D-19245E2E5CF1}"
EndProject
Project("{FAE04EC0-301F-11D3-BF4B-00C04F79EFBC}") = "Reader_Text_DB", "Reader_Text_DB\Reader_Text_DB.csproj", "{29B2BABC-F666-424F-B70F-8A7B71CD3C0E}"
EndProject
Global
	GlobalSection(SolutionConfigurationPlatforms) = preSolution
		Debug|Any CPU = Debug|Any CPU
		Release|Any CPU = Release|Any CPU
	EndGlobalSection
	GlobalSection(ProjectConfigurationPlatforms) = postSolution
		{CC78121D-6394-4E28-A97D-19245E2E5CF1}.Debug|Any CPU.ActiveCfg = Debug|Any CPU
		{CC78121D-6394-4E28-A97D-19245E2E5CF1}.Debug|Any CPU.Build.0 = Debug|Any CPU
		{CC78121D-6394-4E28-A97D-19245E2E5CF1}.Release|Any CPU.ActiveCfg = Release|Any CPU
		{CC78121D-6394-4E28-A97D-19245E2E5CF1}.Release|Any CPU.Build.0 = Release|Any CPU
		{29B2BABC-F666-424F-B70F-8A7B71CD3C0E}.Debug|Any CPU.ActiveCfg = Debug|Any CPU
		{29B2BABC-F666-424F-B70F-8A7B71CD3C0E}.Debug|Any CPU.Build.0 = Debug|Any CPU
		{29B2BABC-F666-424F-B70F-8A7B71CD3C0E}.Release|Any CPU.ActiveCfg = Release|Any CPU
		{29B2BABC-F666-424F-B70F-8A7B71CD3C0E}.Release|Any CPU.Build.0 = Release|Any CPU
	EndGlobalSection
	GlobalSection(SolutionProperties) = preSolution
		HideSolutionNode = FALSE
	EndGlobalSection
	GlobalSection(ExtensibilityGlobals) = postSolution
		SolutionGuid = {FC03BC6A-F40B-40A4-9C8E-54636DBC7282}
	EndGlobalSection
EndGlobal
